
Microsoft Visual Studio Solution File, Format Version 12.00
# Visual Studio Version 16
VisualStudioVersion = 16.0.30907.101
MinimumVisualStudioVersion = 10.0.40219.1
Project("{FAE04EC0-301F-11D3-BF4B-00C04F79EFBC}") = "RandomNumber", "RandomNumber.csproj", "{DE8933AC-0718-4368-AED8-AFDF136DC969}"
EndProject
Global
	GlobalSection(SolutionConfigurationPlatforms) = preSolution
		Debug|Any CPU = Debug|Any CPU
		Release|Any CPU = Release|Any CPU
	EndGlobalSection
	GlobalSection(ProjectConfigurationPlatforms) = postSolution
		{DE8933AC-0718-4368-AED8-AFDF136DC969}.Debug|Any CPU.ActiveCfg = Debug|Any CPU
		{DE8933AC-0718-4368-AED8-AFDF136DC969}.Debug|Any CPU.Build.0 = Debug|Any CPU
		{DE8933AC-0718-4368-AED8-AFDF136DC969}.Release|Any CPU.ActiveCfg = Release|Any CPU
		{DE8933AC-0718-4368-AED8-AFDF136DC969}.Release|Any CPU.Build.0 = Release|Any CPU
	EndGlobalSection
	GlobalSection(SolutionProperties) = preSolution
		HideSolutionNode = FALSE
	EndGlobalSection
	GlobalSection(ExtensibilityGlobals) = postSolution
		SolutionGuid = {DF3A860E-8AAD-4CA6-B8F7-83CF59B63DA1}
	EndGlobalSection
EndGlobal
